{
    "_readme": [
        "This file locks the dependencies of your project to a known state",
        "Read more about it at http://getcomposer.org/doc/01-basic-usage.md#composer-lock-the-lock-file",
        "This file is @generated automatically"
    ],
    "hash": "f39b4dd6f50b11b9983a720a53099810",
    "packages": [],
    "packages-dev": [
        {
            "name": "helix/dev",
            "version": "dev-master",
            "source": {
                "type": "git",
                "url": "https://github.com/PHP-Helix/Dev.git",
                "reference": "ddc9236aacfef3e58a0231df5a605f6428fb2a1b"
            },
            "dist": {
                "type": "zip",
                "url": "https://api.github.com/repos/PHP-Helix/Dev/zipball/ddc9236aacfef3e58a0231df5a605f6428fb2a1b",
                "reference": "ddc9236aacfef3e58a0231df5a605f6428fb2a1b",
                "shasum": ""
            },
            "bin": [
                "helix"
            ],
            "type": "utilities",
            "notification-url": "https://packagist.org/downloads/",
            "license": [
                "MIT"
            ],
            "authors": [
                {
                    "name": "Ryan Yoosefi",
                    "email": "ryan.yoosefi@gmail.com",
                    "homepage": "https://github.com/yoosefi",
                    "role": "Developer"
                }
            ],
            "description": "Developer metapackage to globally manage a good build environment.",
            "homepage": "https://github.com/php-helix/dev",
            "time": "2015-03-14 12:02:46"
        }
    ],
    "aliases": [],
    "minimum-stability": "stable",
    "stability-flags": {
        "helix/dev": 20
    },
    "prefer-stable": false,
    "prefer-lowest": false,
    "platform": {
        "php": ">=5.4.0"
    },
    "platform-dev": []
}
